
Microsoft Visual Studio Solution File, Format Version 12.00
Project("{FAE04EC0-301F-11D3-BF4B-00C04F79EFBC}") = "UFL", "UFL\UFL.csproj", "{49182BF9-E21A-4F06-9F38-5BCA85BF5631}"
EndProject
Global
	GlobalSection(SolutionConfigurationPlatforms) = preSolution
		Debug|Any CPU = Debug|Any CPU
		Release|Any CPU = Release|Any CPU
	EndGlobalSection
	GlobalSection(ProjectConfigurationPlatforms) = postSolution
		{49182BF9-E21A-4F06-9F38-5BCA85BF5631}.Debug|Any CPU.ActiveCfg = Debug|Any CPU
		{49182BF9-E21A-4F06-9F38-5BCA85BF5631}.Debug|Any CPU.Build.0 = Debug|Any CPU
		{49182BF9-E21A-4F06-9F38-5BCA85BF5631}.Release|Any CPU.ActiveCfg = Release|Any CPU
		{49182BF9-E21A-4F06-9F38-5BCA85BF5631}.Release|Any CPU.Build.0 = Release|Any CPU
	EndGlobalSection
EndGlobal
